
Microsoft Visual Studio Solution File, Format Version 12.00
# Visual Studio Version 16
VisualStudioVersion = 16.0.30114.105
MinimumVisualStudioVersion = 10.0.40219.1
Project("{FAE04EC0-301F-11D3-BF4B-00C04F79EFBC}") = "01_Types", "01_Types\01_Types.csproj", "{08F09C89-2767-49AF-A648-35C59A741911}"
EndProject
Project("{FAE04EC0-301F-11D3-BF4B-00C04F79EFBC}") = "02_ReferenceTypes", "02_ReferenceTypes\02_ReferenceTypes.csproj", "{C695F136-BE84-4B54-8791-AFE24BC06A02}"
EndProject
Project("{FAE04EC0-301F-11D3-BF4B-00C04F79EFBC}") = "03_Operators", "03_Operators\03_Operators.csproj", "{C95CA4A6-0753-4B3E-9DCE-0F65D3C54AB7}"
EndProject
Project("{FAE04EC0-301F-11D3-BF4B-00C04F79EFBC}") = "04_Conditionals", "04_Conditionals\04_Conditionals.csproj", "{F9DF28AD-708C-4412-85FF-F3D359503EF1}"
EndProject
Project("{FAE04EC0-301F-11D3-BF4B-00C04F79EFBC}") = "05_Loops", "05_Loops\05_Loops.csproj", "{C91CAF31-E023-4180-B7B7-814DBEAFD036}"
EndProject
Global
	GlobalSection(SolutionConfigurationPlatforms) = preSolution
		Debug|Any CPU = Debug|Any CPU
		Release|Any CPU = Release|Any CPU
	EndGlobalSection
	GlobalSection(SolutionProperties) = preSolution
		HideSolutionNode = FALSE
	EndGlobalSection
	GlobalSection(ProjectConfigurationPlatforms) = postSolution
		{08F09C89-2767-49AF-A648-35C59A741911}.Debug|Any CPU.ActiveCfg = Debug|Any CPU
		{08F09C89-2767-49AF-A648-35C59A741911}.Debug|Any CPU.Build.0 = Debug|Any CPU
		{08F09C89-2767-49AF-A648-35C59A741911}.Release|Any CPU.ActiveCfg = Release|Any CPU
		{08F09C89-2767-49AF-A648-35C59A741911}.Release|Any CPU.Build.0 = Release|Any CPU
		{C695F136-BE84-4B54-8791-AFE24BC06A02}.Debug|Any CPU.ActiveCfg = Debug|Any CPU
		{C695F136-BE84-4B54-8791-AFE24BC06A02}.Debug|Any CPU.Build.0 = Debug|Any CPU
		{C695F136-BE84-4B54-8791-AFE24BC06A02}.Release|Any CPU.ActiveCfg = Release|Any CPU
		{C695F136-BE84-4B54-8791-AFE24BC06A02}.Release|Any CPU.Build.0 = Release|Any CPU
		{C95CA4A6-0753-4B3E-9DCE-0F65D3C54AB7}.Debug|Any CPU.ActiveCfg = Debug|Any CPU
		{C95CA4A6-0753-4B3E-9DCE-0F65D3C54AB7}.Debug|Any CPU.Build.0 = Debug|Any CPU
		{C95CA4A6-0753-4B3E-9DCE-0F65D3C54AB7}.Release|Any CPU.ActiveCfg = Release|Any CPU
		{C95CA4A6-0753-4B3E-9DCE-0F65D3C54AB7}.Release|Any CPU.Build.0 = Release|Any CPU
		{F9DF28AD-708C-4412-85FF-F3D359503EF1}.Debug|Any CPU.ActiveCfg = Debug|Any CPU
		{F9DF28AD-708C-4412-85FF-F3D359503EF1}.Debug|Any CPU.Build.0 = Debug|Any CPU
		{F9DF28AD-708C-4412-85FF-F3D359503EF1}.Release|Any CPU.ActiveCfg = Release|Any CPU
		{F9DF28AD-708C-4412-85FF-F3D359503EF1}.Release|Any CPU.Build.0 = Release|Any CPU
		{C91CAF31-E023-4180-B7B7-814DBEAFD036}.Debug|Any CPU.ActiveCfg = Debug|Any CPU
		{C91CAF31-E023-4180-B7B7-814DBEAFD036}.Debug|Any CPU.Build.0 = Debug|Any CPU
		{C91CAF31-E023-4180-B7B7-814DBEAFD036}.Release|Any CPU.ActiveCfg = Release|Any CPU
		{C91CAF31-E023-4180-B7B7-814DBEAFD036}.Release|Any CPU.Build.0 = Release|Any CPU
	EndGlobalSection
EndGlobal
